github.com/getsolus/libeopkg v0.1.1-0.20240404173503-db4343f6b8f8 h1:I4mFys5UnxS36qT1qN9/5I9kfHZqHrk5fEPQDVh9BZc=
github.com/getsolus/libeopkg v0.1.1-0.20240404173503-db4343f6b8f8/go.mod h1:3bcRCLrRzgeb1bgshVyS5e3Z1uNX7Gi10eqkiioqXgs=
github.com/klauspost/compress v1.17.6 h1:60eq2E/jlfwQXtvZEeBUYADs+BwKBWURIY+Gj2eRGjI=
github.com/klauspost/compress v1.17.6/go.mod h1:/dCuZOvVtNoHsyb+cuJD3itjs3NbnF6KH9zAO4BDxPM=
github.com/klauspost/cpuid/v2 v2.0.9 h1:lgaqFMSdTdQYdZ04uHyN2d/eKdOMyi2YLSvlQIBFYa4=
github.com/klauspost/cpuid/v2 v2.0.9/go.mod h1:FInQzS24/EEf25PyTYn52gqo7WaD8xa0213Md/qVLRg=
github.com/sa-/slicefunk v0.1.4 h1:fCgDllo0nYVywdREyJm53BQ5rfMW8pin57yNVpyPxNU=
github.com/sa-/slicefunk v0.1.4/go.mod h1:k0abNpV9EW8LIPl2+Hc9RiKsojKmsUhNNGFyMpjMTCI=
github.com/serpent-os/libstone-go v0.0.0-20240223195310-092eee8cb2fd h1:k54mQZFjnhUyWsSKU33SvaDrnYNwC53lU5YVLi+9YNA=
github.com/serpent-os/libstone-go v0.0.0-20240223195310-092eee8cb2fd/go.mod h1:k5N/fhbQAQK3j3uUAhhBOkPZ9IJXjkD9r5mXR0iXad0=
github.com/xi2/xz v0.0.0-20171230120015-48954b6210f8 h1:nIPpBwaJSVYIxUFsDv3M8ofmx9yWTog9BfvIu0q41lo=
github.com/xi2/xz v0.0.0-20171230120015-48954b6210f8/go.mod h1:HUYIGzjTL3rfEspMxjDjgmT5uz5wzYJKVo23qUhYTos=
github.com/zeebo/assert v1.3.0 h1:g7C04CbJuIDKNPFHmsk4hwZDO5O+kntRxzaUoNXj+IQ=
github.com/zeebo/assert v1.3.0/go.mod h1:Pq9JiuJQpG8JLJdtkwrJESF0Foym2/D9XMU5ciN/wJ0=
github.com/zeebo/xxh3 v1.0.2 h1:xZmwmqxHZA8AI603jOQ0tMqmBr9lPeFwGg6d+xy9DC0=
github.com/zeebo/xxh3 v1.0.2/go.mod h1:5NWz9Sef7zIDm2JHfFlcQvNekmcEl9ekUZQQKCYaDcA=
gitlab.com/slxh/go/powerline v0.1.0 h1:/3lwpGRD5yW9HFS/hammtCI4kvtjKw8E1dcpHS9Udx8=
gitlab.com/slxh/go/powerline v0.1.0/go.mod h1:vBTN83xoDyGejdTeZkMGs8l/qZvOjpUkRMYrthNhqJE=
